dependencies:
- name: celestia-node
  repository: file://../celestia-node
  version: 0.7.1
- name: evm-rollup
  repository: file://../evm-rollup
  version: 4.1.0
- name: flame-rollup
  repository: file://../flame-rollup
  version: 0.1.3
- name: composer
  repository: file://../composer
  version: 2.0.0
- name: auctioneer
  repository: file://../auctioneer
  version: 0.0.2
- name: evm-faucet
  repository: file://../evm-faucet
  version: 0.1.5
- name: evm-bridge-withdrawer
  repository: file://../evm-bridge-withdrawer
  version: 1.0.6
- name: postgresql
  repository: file://../postgresql
  version: 15.2.4
digest: sha256:d25a70c1aea2ff6889eed0d5a73fd04f5945868f4bb429c6ff634fa145f89210
generated: "2025-10-31T14:24:30.933210624+08:00"
